{
  "object": {
    "pins": [
      {
        "package": "Fred",
        "repositoryURL": "https://github.com/siegesmund/Fred",
        "state": {
          "branch": "master",
          "revision": "4ac32b9918aafced67cb7324f4a61f85c65f780a",
          "version": null
        }
      },
      {
        "package": "RxSwift",
        "repositoryURL": "https://github.com/ReactiveX/RxSwift.git",
        "state": {
          "branch": null,
          "revision": "b3e888b4972d9bc76495dd74d30a8c7fad4b9395",
          "version": "5.0.1"
        }
      }
    ]
  },
  "version": 1
}
