{
  "object": {
    "pins": [
      {
        "package": "fred",
        "repositoryURL": "https://github.com/siegesmund/fred",
        "state": {
          "branch": "master",
          "revision": "1f97d5799f2aa523e387e1a52812c5cf63fe9007",
          "version": null
        }
      },
      {
        "package": "RxSwift",
        "repositoryURL": "https://github.com/ReactiveX/RxSwift.git",
        "state": {
          "branch": null,
          "revision": "b3e888b4972d9bc76495dd74d30a8c7fad4b9395",
          "version": "5.0.1"
        }
      }
    ]
  },
  "version": 1
}
